{
  "name": "client",
  "version": "1.0.0",
  "lockfileVersion": 1,
  "requires": true,
  "dependencies": {
    "miniprogram-api-promise": {
      "version": "1.0.4",
      "resolved": "https://registry.npmjs.org/miniprogram-api-promise/-/miniprogram-api-promise-1.0.4.tgz",
      "integrity": "sha512-lS2ukj03Ugy8IJUDmdssklLT4kjzyRtVYwErhyDZkzxtqcxaed2xldRgNrsikigeMUBR9gAs7wgnjSKPlyKIYg=="
    },
    "miniprogram-recycle-view": {
      "version": "0.1.5",
      "resolved": "https://registry.npmjs.org/miniprogram-recycle-view/-/miniprogram-recycle-view-0.1.5.tgz",
      "integrity": "sha512-Pfm/u+jfg+b5zDhjXqm7QbR9IuViqX8JyzcHDgr6Zw9wSK0wmbXNzscA1WoSnGP5Z2nG2TIqtiNXvEbvsyrxXA=="
    }
  }
}
